// !$*UTF8*$!
{
	archiveVersion = 1;
	classes = {
	};
	objectVersion = 77;
	objects = {

/* Begin PBXBuildFile section */
		5A45CB0D2DF09495004F75CF /* ShippingAddressView.swift in Sources */ = {isa = PBXBuildFile; fileRef = 5A45CB0C2DF09495004F75CF /* ShippingAddressView.swift */; };
		5A45CB0E2DF09495004F75CF /* ShippingAddressView.swift in Sources */ = {isa = PBXBuildFile; fileRef = 5A45CB0C2DF09495004F75CF /* ShippingAddressView.swift */; };
		5A45CB0F2DF09495004F75CF /* ShippingAddressView.swift in Sources */ = {isa = PBXBuildFile; fileRef = 5A45CB0C2DF09495004F75CF /* ShippingAddressView.swift */; };
		5A45CB132DF09B16004F75CF /* MatchAlertView.swift in Sources */ = {isa = PBXBuildFile; fileRef = 5A45CB122DF09B00004F75CF /* MatchAlertView.swift */; };
		5A45CB172DF0A7A3004F75CF /* MatchConfirmationView.swift in Sources */ = {isa = PBXBuildFile; fileRef = 5A45CB162DF0A7A3004F75CF /* MatchConfirmationView.swift */; };
		5A45CB192DF0AA3B004F75CF /* NotNowView.swift in Sources */ = {isa = PBXBuildFile; fileRef = 5A45CB182DF0AA3B004F75CF /* NotNowView.swift */; };
		5A45CB252DF0B9ED004F75CF /* QRScannerView.swift in Sources */ = {isa = PBXBuildFile; fileRef = 5A45CB242DF0B9ED004F75CF /* QRScannerView.swift */; };
		5A45CB272DF0BA07004F75CF /* KitScannedView.swift in Sources */ = {isa = PBXBuildFile; fileRef = 5A45CB262DF0BA07004F75CF /* KitScannedView.swift */; };
		5A6A188C2DEF8A250078E07D /* AiChatView.swift in Sources */ = {isa = PBXBuildFile; fileRef = 5A6A18852DEF8A250078E07D /* AiChatView.swift */; };
		5A6A188D2DEF8A250078E07D /* HlaResultView.swift in Sources */ = {isa = PBXBuildFile; fileRef = 5A6A18872DEF8A250078E07D /* HlaResultView.swift */; };
		5A6A188E2DEF8A250078E07D /* MatchLikelihoodView.swift in Sources */ = {isa = PBXBuildFile; fileRef = 5A6A18892DEF8A250078E07D /* MatchLikelihoodView.swift */; };
		5A6A188F2DEF8A250078E07D /* NmdpMatchMeApp.swift in Sources */ = {isa = PBXBuildFile; fileRef = 5A6A188A2DEF8A250078E07D /* NmdpMatchMeApp.swift */; };
		5A6A18902DEF8A250078E07D /* DrugInteractionView.swift in Sources */ = {isa = PBXBuildFile; fileRef = 5A6A18862DEF8A250078E07D /* DrugInteractionView.swift */; };
		5A6A18912DEF8A250078E07D /* LoginView.swift in Sources */ = {isa = PBXBuildFile; fileRef = 5A6A18882DEF8A250078E07D /* LoginView.swift */; };
		5A6A18922DEF8A250078E07D /* TiktokFeedView.swift in Sources */ = {isa = PBXBuildFile; fileRef = 5A6A188B2DEF8A250078E07D /* TiktokFeedView.swift */; };
/* End PBXBuildFile section */

/* Begin PBXContainerItemProxy section */
		5A6A183A2DEF82D60078E07D /* PBXContainerItemProxy */ = {
			isa = PBXContainerItemProxy;
			containerPortal = 5A6A18242DEF82D40078E07D /* Project object */;
			proxyType = 1;
			remoteGlobalIDString = 5A6A182B2DEF82D40078E07D;
			remoteInfo = nmdpMatchMeSwiftUI;
		};
		5A6A18442DEF82D60078E07D /* PBXContainerItemProxy */ = {
			isa = PBXContainerItemProxy;
			containerPortal = 5A6A18242DEF82D40078E07D /* Project object */;
			proxyType = 1;
			remoteGlobalIDString = 5A6A182B2DEF82D40078E07D;
			remoteInfo = nmdpMatchMeSwiftUI;
		};
/* End PBXContainerItemProxy section */

/* Begin PBXFileReference section */
		5A45CB0C2DF09495004F75CF /* ShippingAddressView.swift */ = {isa = PBXFileReference; lastKnownFileType = sourcecode.swift; path = ShippingAddressView.swift; sourceTree = "<group>"; };
		5A45CB102DF09497004F75CF /* nmdpMatchMeSwiftUITests-Bridging-Header.h */ = {isa = PBXFileReference; lastKnownFileType = sourcecode.c.h; path = "nmdpMatchMeSwiftUITests-Bridging-Header.h"; sourceTree = "<group>"; };
		5A45CB112DF09497004F75CF /* nmdpMatchMeSwiftUIUITests-Bridging-Header.h */ = {isa = PBXFileReference; lastKnownFileType = sourcecode.c.h; path = "nmdpMatchMeSwiftUIUITests-Bridging-Header.h"; sourceTree = "<group>"; };
		5A45CB122DF09B00004F75CF /* MatchAlertView.swift */ = {isa = PBXFileReference; lastKnownFileType = sourcecode.swift; path = MatchAlertView.swift; sourceTree = "<group>"; };
		5A45CB162DF0A7A3004F75CF /* MatchConfirmationView.swift */ = {isa = PBXFileReference; lastKnownFileType = sourcecode.swift; path = MatchConfirmationView.swift; sourceTree = "<group>"; };
		5A45CB182DF0AA3B004F75CF /* NotNowView.swift */ = {isa = PBXFileReference; lastKnownFileType = sourcecode.swift; path = NotNowView.swift; sourceTree = "<group>"; };
		5A45CB242DF0B9ED004F75CF /* QRScannerView.swift */ = {isa = PBXFileReference; lastKnownFileType = sourcecode.swift; path = QRScannerView.swift; sourceTree = "<group>"; };
		5A45CB262DF0BA07004F75CF /* KitScannedView.swift */ = {isa = PBXFileReference; lastKnownFileType = sourcecode.swift; path = KitScannedView.swift; sourceTree = "<group>"; };
		5A45CB282DF0BE2D004F75CF /* nmdpMatchMeSwiftUI-Info.plist */ = {isa = PBXFileReference; lastKnownFileType = text.plist; path = "nmdpMatchMeSwiftUI-Info.plist"; sourceTree = "<group>"; };
		5A6A182C2DEF82D40078E07D /* nmdpMatchMeSwiftUI.app */ = {isa = PBXFileReference; explicitFileType = wrapper.application; includeInIndex = 0; path = nmdpMatchMeSwiftUI.app; sourceTree = BUILT_PRODUCTS_DIR; };
		5A6A18392DEF82D60078E07D /* nmdpMatchMeSwiftUITests.xctest */ = {isa = PBXFileReference; explicitFileType = wrapper.cfbundle; includeInIndex = 0; path = nmdpMatchMeSwiftUITests.xctest; sourceTree = BUILT_PRODUCTS_DIR; };
		5A6A18432DEF82D60078E07D /* nmdpMatchMeSwiftUIUITests.xctest */ = {isa = PBXFileReference; explicitFileType = wrapper.cfbundle; includeInIndex = 0; path = nmdpMatchMeSwiftUIUITests.xctest; sourceTree = BUILT_PRODUCTS_DIR; };
		5A6A186F2DEF837B0078E07D /* nmdpMatchMeSwiftUI-Bridging-Header.h */ = {isa = PBXFileReference; lastKnownFileType = sourcecode.c.h; path = "nmdpMatchMeSwiftUI-Bridging-Header.h"; sourceTree = "<group>"; };
		5A6A18852DEF8A250078E07D /* AiChatView.swift */ = {isa = PBXFileReference; lastKnownFileType = sourcecode.swift; path = AiChatView.swift; sourceTree = "<group>"; };
		5A6A18862DEF8A250078E07D /* DrugInteractionView.swift */ = {isa = PBXFileReference; lastKnownFileType = sourcecode.swift; path = DrugInteractionView.swift; sourceTree = "<group>"; };
		5A6A18872DEF8A250078E07D /* HlaResultView.swift */ = {isa = PBXFileReference; lastKnownFileType = sourcecode.swift; path = HlaResultView.swift; sourceTree = "<group>"; };
		5A6A18882DEF8A250078E07D /* LoginView.swift */ = {isa = PBXFileReference; lastKnownFileType = sourcecode.swift; path = LoginView.swift; sourceTree = "<group>"; };
		5A6A18892DEF8A250078E07D /* MatchLikelihoodView.swift */ = {isa = PBXFileReference; lastKnownFileType = sourcecode.swift; path = MatchLikelihoodView.swift; sourceTree = "<group>"; };
		5A6A188A2DEF8A250078E07D /* NmdpMatchMeApp.swift */ = {isa = PBXFileReference; lastKnownFileType = sourcecode.swift; path = NmdpMatchMeApp.swift; sourceTree = "<group>"; };
		5A6A188B2DEF8A250078E07D /* TiktokFeedView.swift */ = {isa = PBXFileReference; lastKnownFileType = sourcecode.swift; path = TiktokFeedView.swift; sourceTree = "<group>"; };
/* End PBXFileReference section */

/* Begin PBXFrameworksBuildPhase section */
		5A6A18292DEF82D40078E07D /* Frameworks */ = {
			isa = PBXFrameworksBuildPhase;
			buildActionMask = 2147483647;
			files = (
			);
			runOnlyForDeploymentPostprocessing = 0;
		};
		5A6A18362DEF82D60078E07D /* Frameworks */ = {
			isa = PBXFrameworksBuildPhase;
			buildActionMask = 2147483647;
			files = (
			);
			runOnlyForDeploymentPostprocessing = 0;
		};
		5A6A18402DEF82D60078E07D /* Frameworks */ = {
			isa = PBXFrameworksBuildPhase;
			buildActionMask = 2147483647;
			files = (
			);
			runOnlyForDeploymentPostprocessing = 0;
		};
/* End PBXFrameworksBuildPhase section */

/* Begin PBXGroup section */
		5A6A18232DEF82D40078E07D = {
			isa = PBXGroup;
			children = (
				5A45CB282DF0BE2D004F75CF /* nmdpMatchMeSwiftUI-Info.plist */,
				5A45CB262DF0BA07004F75CF /* KitScannedView.swift */,
				5A45CB242DF0B9ED004F75CF /* QRScannerView.swift */,
				5A45CB182DF0AA3B004F75CF /* NotNowView.swift */,
				5A45CB162DF0A7A3004F75CF /* MatchConfirmationView.swift */,
				5A45CB122DF09B00004F75CF /* MatchAlertView.swift */,
				5A6A18852DEF8A250078E07D /* AiChatView.swift */,
				5A6A18862DEF8A250078E07D /* DrugInteractionView.swift */,
				5A6A18872DEF8A250078E07D /* HlaResultView.swift */,
				5A6A18882DEF8A250078E07D /* LoginView.swift */,
				5A6A18892DEF8A250078E07D /* MatchLikelihoodView.swift */,
				5A45CB0C2DF09495004F75CF /* ShippingAddressView.swift */,
				5A6A188A2DEF8A250078E07D /* NmdpMatchMeApp.swift */,
				5A6A188B2DEF8A250078E07D /* TiktokFeedView.swift */,
				5A6A182D2DEF82D40078E07D /* Products */,
				5A6A186F2DEF837B0078E07D /* nmdpMatchMeSwiftUI-Bridging-Header.h */,
				5A45CB102DF09497004F75CF /* nmdpMatchMeSwiftUITests-Bridging-Header.h */,
				5A45CB112DF09497004F75CF /* nmdpMatchMeSwiftUIUITests-Bridging-Header.h */,
			);
			sourceTree = "<group>";
		};
		5A6A182D2DEF82D40078E07D /* Products */ = {
			isa = PBXGroup;
			children = (
				5A6A182C2DEF82D40078E07D /* nmdpMatchMeSwiftUI.app */,
				5A6A18392DEF82D60078E07D /* nmdpMatchMeSwiftUITests.xctest */,
				5A6A18432DEF82D60078E07D /* nmdpMatchMeSwiftUIUITests.xctest */,
			);
			name = Products;
			sourceTree = "<group>";
		};
/* End PBXGroup section */

/* Begin PBXNativeTarget section */
		5A6A182B2DEF82D40078E07D /* nmdpMatchMeSwiftUI */ = {
			isa = PBXNativeTarget;
			buildConfigurationList = 5A6A184D2DEF82D60078E07D /* Build configuration list for PBXNativeTarget "nmdpMatchMeSwiftUI" */;
			buildPhases = (
				5A6A18282DEF82D40078E07D /* Sources */,
				5A6A18292DEF82D40078E07D /* Frameworks */,
				5A6A182A2DEF82D40078E07D /* Resources */,
			);
			buildRules = (
			);
			dependencies = (
			);
			name = nmdpMatchMeSwiftUI;
			packageProductDependencies = (
			);
			productName = nmdpMatchMeSwiftUI;
			productReference = 5A6A182C2DEF82D40078E07D /* nmdpMatchMeSwiftUI.app */;
			productType = "com.apple.product-type.application";
		};
		5A6A18382DEF82D60078E07D /* nmdpMatchMeSwiftUITests */ = {
			isa = PBXNativeTarget;
			buildConfigurationList = 5A6A18502DEF82D60078E07D /* Build configuration list for PBXNativeTarget "nmdpMatchMeSwiftUITests" */;
			buildPhases = (
				5A6A18352DEF82D60078E07D /* Sources */,
				5A6A18362DEF82D60078E07D /* Frameworks */,
				5A6A18372DEF82D60078E07D /* Resources */,
			);
			buildRules = (
			);
			dependencies = (
				5A6A183B2DEF82D60078E07D /* PBXTargetDependency */,
			);
			name = nmdpMatchMeSwiftUITests;
			packageProductDependencies = (
			);
			productName = nmdpMatchMeSwiftUITests;
			productReference = 5A6A18392DEF82D60078E07D /* nmdpMatchMeSwiftUITests.xctest */;
			productType = "com.apple.product-type.bundle.unit-test";
		};
		5A6A18422DEF82D60078E07D /* nmdpMatchMeSwiftUIUITests */ = {
			isa = PBXNativeTarget;
			buildConfigurationList = 5A6A18532DEF82D60078E07D /* Build configuration list for PBXNativeTarget "nmdpMatchMeSwiftUIUITests" */;
			buildPhases = (
				5A6A183F2DEF82D60078E07D /* Sources */,
				5A6A18402DEF82D60078E07D /* Frameworks */,
				5A6A18412DEF82D60078E07D /* Resources */,
			);
			buildRules = (
			);
			dependencies = (
				5A6A18452DEF82D60078E07D /* PBXTargetDependency */,
			);
			name = nmdpMatchMeSwiftUIUITests;
			packageProductDependencies = (
			);
			productName = nmdpMatchMeSwiftUIUITests;
			productReference = 5A6A18432DEF82D60078E07D /* nmdpMatchMeSwiftUIUITests.xctest */;
			productType = "com.apple.product-type.bundle.ui-testing";
		};
/* End PBXNativeTarget section */

/* Begin PBXProject section */
		5A6A18242DEF82D40078E07D /* Project object */ = {
			isa = PBXProject;
			attributes = {
				BuildIndependentTargetsInParallel = 1;
				LastSwiftUpdateCheck = 1640;
				LastUpgradeCheck = 1640;
				TargetAttributes = {
					5A6A182B2DEF82D40078E07D = {
						CreatedOnToolsVersion = 16.4;
						LastSwiftMigration = 1640;
					};
					5A6A18382DEF82D60078E07D = {
						CreatedOnToolsVersion = 16.4;
						LastSwiftMigration = 1640;
						TestTargetID = 5A6A182B2DEF82D40078E07D;
					};
					5A6A18422DEF82D60078E07D = {
						CreatedOnToolsVersion = 16.4;
						LastSwiftMigration = 1640;
						TestTargetID = 5A6A182B2DEF82D40078E07D;
					};
				};
			};
			buildConfigurationList = 5A6A18272DEF82D40078E07D /* Build configuration list for PBXProject "nmdpMatchMeSwiftUI" */;
			developmentRegion = en;
			hasScannedForEncodings = 0;
			knownRegions = (
				en,
				Base,
			);
			mainGroup = 5A6A18232DEF82D40078E07D;
			minimizedProjectReferenceProxies = 1;
			preferredProjectObjectVersion = 77;
			productRefGroup = 5A6A182D2DEF82D40078E07D /* Products */;
			projectDirPath = "";
			projectRoot = "";
			targets = (
				5A6A182B2DEF82D40078E07D /* nmdpMatchMeSwiftUI */,
				5A6A18382DEF82D60078E07D /* nmdpMatchMeSwiftUITests */,
				5A6A18422DEF82D60078E07D /* nmdpMatchMeSwiftUIUITests */,
			);
		};
/* End PBXProject section */

/* Begin PBXResourcesBuildPhase section */
		5A6A182A2DEF82D40078E07D /* Resources */ = {
			isa = PBXResourcesBuildPhase;
			buildActionMask = 2147483647;
			files = (
			);
			runOnlyForDeploymentPostprocessing = 0;
		};
		5A6A18372DEF82D60078E07D /* Resources */ = {
			isa = PBXResourcesBuildPhase;
			buildActionMask = 2147483647;
			files = (
			);
			runOnlyForDeploymentPostprocessing = 0;
		};
		5A6A18412DEF82D60078E07D /* Resources */ = {
			isa = PBXResourcesBuildPhase;
			buildActionMask = 2147483647;
			files = (
			);
			runOnlyForDeploymentPostprocessing = 0;
		};
/* End PBXResourcesBuildPhase section */

/* Begin PBXSourcesBuildPhase section */
		5A6A18282DEF82D40078E07D /* Sources */ = {
			isa = PBXSourcesBuildPhase;
			buildActionMask = 2147483647;
			files = (
				5A6A188C2DEF8A250078E07D /* AiChatView.swift in Sources */,
				5A45CB132DF09B16004F75CF /* MatchAlertView.swift in Sources */,
				5A6A188D2DEF8A250078E07D /* HlaResultView.swift in Sources */,
				5A6A188E2DEF8A250078E07D /* MatchLikelihoodView.swift in Sources */,
				5A6A188F2DEF8A250078E07D /* NmdpMatchMeApp.swift in Sources */,
				5A6A18902DEF8A250078E07D /* DrugInteractionView.swift in Sources */,
				5A45CB172DF0A7A3004F75CF /* MatchConfirmationView.swift in Sources */,
				5A6A18912DEF8A250078E07D /* LoginView.swift in Sources */,
				5A45CB272DF0BA07004F75CF /* KitScannedView.swift in Sources */,
				5A45CB192DF0AA3B004F75CF /* NotNowView.swift in Sources */,
				5A6A18922DEF8A250078E07D /* TiktokFeedView.swift in Sources */,
				5A45CB252DF0B9ED004F75CF /* QRScannerView.swift in Sources */,
				5A45CB0D2DF09495004F75CF /* ShippingAddressView.swift in Sources */,
			);
			runOnlyForDeploymentPostprocessing = 0;
		};
		5A6A18352DEF82D60078E07D /* Sources */ = {
			isa = PBXSourcesBuildPhase;
			buildActionMask = 2147483647;
			files = (
				5A45CB0E2DF09495004F75CF /* ShippingAddressView.swift in Sources */,
			);
			runOnlyForDeploymentPostprocessing = 0;
		};
		5A6A183F2DEF82D60078E07D /* Sources */ = {
			isa = PBXSourcesBuildPhase;
			buildActionMask = 2147483647;
			files = (
				5A45CB0F2DF09495004F75CF /* ShippingAddressView.swift in Sources */,
			);
			runOnlyForDeploymentPostprocessing = 0;
		};
/* End PBXSourcesBuildPhase section */

/* Begin PBXTargetDependency section */
		5A6A183B2DEF82D60078E07D /* PBXTargetDependency */ = {
			isa = PBXTargetDependency;
			target = 5A6A182B2DEF82D40078E07D /* nmdpMatchMeSwiftUI */;
			targetProxy = 5A6A183A2DEF82D60078E07D /* PBXContainerItemProxy */;
		};
		5A6A18452DEF82D60078E07D /* PBXTargetDependency */ = {
			isa = PBXTargetDependency;
			target = 5A6A182B2DEF82D40078E07D /* nmdpMatchMeSwiftUI */;
			targetProxy = 5A6A18442DEF82D60078E07D /* PBXContainerItemProxy */;
		};
/* End PBXTargetDependency section */

/* Begin XCBuildConfiguration section */
		5A6A184B2DEF82D60078E07D /* Debug */ = {
			isa = XCBuildConfiguration;
			buildSettings = {
				ALWAYS_SEARCH_USER_PATHS = NO;
				ASSETCATALOG_COMPILER_GENERATE_SWIFT_ASSET_SYMBOL_EXTENSIONS = YES;
				CLANG_ANALYZER_NONNULL = YES;
				CLANG_ANALYZER_NUMBER_OBJECT_CONVERSION = YES_AGGRESSIVE;
				CLANG_CXX_LANGUAGE_STANDARD = "gnu++20";
				CLANG_ENABLE_MODULES = YES;
				CLANG_ENABLE_OBJC_ARC = YES;
				CLANG_ENABLE_OBJC_WEAK = YES;
				CLANG_WARN_BLOCK_CAPTURE_AUTORELEASING = YES;
				CLANG_WARN_BOOL_CONVERSION = YES;
				CLANG_WARN_COMMA = YES;
				CLANG_WARN_CONSTANT_CONVERSION = YES;
				CLANG_WARN_DEPRECATED_OBJC_IMPLEMENTATIONS = YES;
				CLANG_WARN_DIRECT_OBJC_ISA_USAGE = YES_ERROR;
				CLANG_WARN_DOCUMENTATION_COMMENTS = YES;
				CLANG_WARN_EMPTY_BODY = YES;
				CLANG_WARN_ENUM_CONVERSION = YES;
				CLANG_WARN_INFINITE_RECURSION = YES;
				CLANG_WARN_INT_CONVERSION = YES;
				CLANG_WARN_NON_LITERAL_NULL_CONVERSION = YES;
				CLANG_WARN_OBJC_IMPLICIT_RETAIN_SELF = YES;
				CLANG_WARN_OBJC_LITERAL_CONVERSION = YES;
				CLANG_WARN_OBJC_ROOT_CLASS = YES_ERROR;
				CLANG_WARN_QUOTED_INCLUDE_IN_FRAMEWORK_HEADER = YES;
				CLANG_WARN_RANGE_LOOP_ANALYSIS = YES;
				CLANG_WARN_STRICT_PROTOTYPES = YES;
				CLANG_WARN_SUSPICIOUS_MOVE = YES;
				CLANG_WARN_UNGUARDED_AVAILABILITY = YES_AGGRESSIVE;
				CLANG_WARN_UNREACHABLE_CODE = YES;
				CLANG_WARN__DUPLICATE_METHOD_MATCH = YES;
				COPY_PHASE_STRIP = NO;
				DEBUG_INFORMATION_FORMAT = dwarf;
				ENABLE_STRICT_OBJC_MSGSEND = YES;
				ENABLE_TESTABILITY = YES;
				ENABLE_USER_SCRIPT_SANDBOXING = YES;
				GCC_C_LANGUAGE_STANDARD = gnu17;
				GCC_DYNAMIC_NO_PIC = NO;
				GCC_NO_COMMON_BLOCKS = YES;
				GCC_OPTIMIZATION_LEVEL = 0;
				GCC_PREPROCESSOR_DEFINITIONS = (
					"DEBUG=1",
					"$(inherited)",
				);
				GCC_WARN_64_TO_32_BIT_CONVERSION = YES;
				GCC_WARN_ABOUT_RETURN_TYPE = YES_ERROR;
				GCC_WARN_UNDECLARED_SELECTOR = YES;
				GCC_WARN_UNINITIALIZED_AUTOS = YES_AGGRESSIVE;
				GCC_WARN_UNUSED_FUNCTION = YES;
				GCC_WARN_UNUSED_VARIABLE = YES;
				IPHONEOS_DEPLOYMENT_TARGET = 18.5;
				LOCALIZATION_PREFERS_STRING_CATALOGS = YES;
				MTL_ENABLE_DEBUG_INFO = INCLUDE_SOURCE;
				MTL_FAST_MATH = YES;
				ONLY_ACTIVE_ARCH = YES;
				SDKROOT = iphoneos;
				SWIFT_ACTIVE_COMPILATION_CONDITIONS = "DEBUG $(inherited)";
				SWIFT_OPTIMIZATION_LEVEL = "-Onone";
			};
			name = Debug;
		};
		5A6A184C2DEF82D60078E07D /* Release */ = {
			isa = XCBuildConfiguration;
			buildSettings = {
				ALWAYS_SEARCH_USER_PATHS = NO;
				ASSETCATALOG_COMPILER_GENERATE_SWIFT_ASSET_SYMBOL_EXTENSIONS = YES;
				CLANG_ANALYZER_NONNULL = YES;
				CLANG_ANALYZER_NUMBER_OBJECT_CONVERSION = YES_AGGRESSIVE;
				CLANG_CXX_LANGUAGE_STANDARD = "gnu++20";
				CLANG_ENABLE_MODULES = YES;
				CLANG_ENABLE_OBJC_ARC = YES;
				CLANG_ENABLE_OBJC_WEAK = YES;
				CLANG_WARN_BLOCK_CAPTURE_AUTORELEASING = YES;
				CLANG_WARN_BOOL_CONVERSION = YES;
				CLANG_WARN_COMMA = YES;
				CLANG_WARN_CONSTANT_CONVERSION = YES;
				CLANG_WARN_DEPRECATED_OBJC_IMPLEMENTATIONS = YES;
				CLANG_WARN_DIRECT_OBJC_ISA_USAGE = YES_ERROR;
				CLANG_WARN_DOCUMENTATION_COMMENTS = YES;
				CLANG_WARN_EMPTY_BODY = YES;
				CLANG_WARN_ENUM_CONVERSION = YES;
				CLANG_WARN_INFINITE_RECURSION = YES;
				CLANG_WARN_INT_CONVERSION = YES;
				CLANG_WARN_NON_LITERAL_NULL_CONVERSION = YES;
				CLANG_WARN_OBJC_IMPLICIT_RETAIN_SELF = YES;
				CLANG_WARN_OBJC_LITERAL_CONVERSION = YES;
				CLANG_WARN_OBJC_ROOT_CLASS = YES_ERROR;
				CLANG_WARN_QUOTED_INCLUDE_IN_FRAMEWORK_HEADER = YES;
				CLANG_WARN_RANGE_LOOP_ANALYSIS = YES;
				CLANG_WARN_STRICT_PROTOTYPES = YES;
				CLANG_WARN_SUSPICIOUS_MOVE = YES;
				CLANG_WARN_UNGUARDED_AVAILABILITY = YES_AGGRESSIVE;
				CLANG_WARN_UNREACHABLE_CODE = YES;
				CLANG_WARN__DUPLICATE_METHOD_MATCH = YES;
				COPY_PHASE_STRIP = NO;
				DEBUG_INFORMATION_FORMAT = "dwarf-with-dsym";
				ENABLE_NS_ASSERTIONS = NO;
				ENABLE_STRICT_OBJC_MSGSEND = YES;
				ENABLE_USER_SCRIPT_SANDBOXING = YES;
				GCC_C_LANGUAGE_STANDARD = gnu17;
				GCC_NO_COMMON_BLOCKS = YES;
				GCC_WARN_64_TO_32_BIT_CONVERSION = YES;
				GCC_WARN_ABOUT_RETURN_TYPE = YES_ERROR;
				GCC_WARN_UNDECLARED_SELECTOR = YES;
				GCC_WARN_UNINITIALIZED_AUTOS = YES_AGGRESSIVE;
				GCC_WARN_UNUSED_FUNCTION = YES;
				GCC_WARN_UNUSED_VARIABLE = YES;
				IPHONEOS_DEPLOYMENT_TARGET = 18.5;
				LOCALIZATION_PREFERS_STRING_CATALOGS = YES;
				MTL_ENABLE_DEBUG_INFO = NO;
				MTL_FAST_MATH = YES;
				SDKROOT = iphoneos;
				SWIFT_COMPILATION_MODE = wholemodule;
				VALIDATE_PRODUCT = YES;
			};
			name = Release;
		};
		5A6A184E2DEF82D60078E07D /* Debug */ = {
			isa = XCBuildConfiguration;
			buildSettings = {
				ASSETCATALOG_COMPILER_APPICON_NAME = AppIcon;
				ASSETCATALOG_COMPILER_GLOBAL_ACCENT_COLOR_NAME = AccentColor;
				CLANG_ENABLE_MODULES = YES;
				CODE_SIGN_STYLE = Automatic;
				CURRENT_PROJECT_VERSION = 1;
				DEVELOPMENT_TEAM = LMW3S3LWP4;
				ENABLE_PREVIEWS = YES;
				GENERATE_INFOPLIST_FILE = YES;
				INFOPLIST_FILE = "nmdpMatchMeSwiftUI-Info.plist";
				INFOPLIST_KEY_CFBundleDisplayName = "";
				INFOPLIST_KEY_LSApplicationCategoryType = "";
				INFOPLIST_KEY_NSCameraUsageDescription = "Access the camera for photos videos and qr code scans";
				INFOPLIST_KEY_NSLocationUsageDescription = "Access location of user to determine drive association";
				INFOPLIST_KEY_UIApplicationSceneManifest_Generation = YES;
				INFOPLIST_KEY_UIApplicationSupportsIndirectInputEvents = YES;
				INFOPLIST_KEY_UILaunchScreen_Generation = YES;
				INFOPLIST_KEY_UISupportedInterfaceOrientations_iPad = "UIInterfaceOrientationPortrait UIInterfaceOrientationPortraitUpsideDown UIInterfaceOrientationLandscapeLeft UIInterfaceOrientationLandscapeRight";
				INFOPLIST_KEY_UISupportedInterfaceOrientations_iPhone = "UIInterfaceOrientationPortrait UIInterfaceOrientationLandscapeLeft UIInterfaceOrientationLandscapeRight";
				LD_RUNPATH_SEARCH_PATHS = (
					"$(inherited)",
					"@executable_path/Frameworks",
				);
				MARKETING_VERSION = 1.0;
				PRODUCT_BUNDLE_IDENTIFIER = com.nmdpMatchMeSwiftUI.nmdpMatchMeSwiftUI;
				PRODUCT_NAME = "$(TARGET_NAME)";
				SWIFT_EMIT_LOC_STRINGS = YES;
				SWIFT_OBJC_BRIDGING_HEADER = "nmdpMatchMeSwiftUI-Bridging-Header.h";
				SWIFT_OPTIMIZATION_LEVEL = "-Onone";
				SWIFT_VERSION = 5.0;
				TARGETED_DEVICE_FAMILY = "1,2";
			};
			name = Debug;
		};
		5A6A184F2DEF82D60078E07D /* Release */ = {
			isa = XCBuildConfiguration;
			buildSettings = {
				ASSETCATALOG_COMPILER_APPICON_NAME = AppIcon;
				ASSETCATALOG_COMPILER_GLOBAL_ACCENT_COLOR_NAME = AccentColor;
				CLANG_ENABLE_MODULES = YES;
				CODE_SIGN_STYLE = Automatic;
				CURRENT_PROJECT_VERSION = 1;
				DEVELOPMENT_TEAM = LMW3S3LWP4;
				ENABLE_PREVIEWS = YES;
				GENERATE_INFOPLIST_FILE = YES;
				INFOPLIST_FILE = "nmdpMatchMeSwiftUI-Info.plist";
				INFOPLIST_KEY_CFBundleDisplayName = "";
				INFOPLIST_KEY_LSApplicationCategoryType = "";
				INFOPLIST_KEY_NSCameraUsageDescription = "Access the camera for photos videos and qr code scans";
				INFOPLIST_KEY_NSLocationUsageDescription = "Access location of user to determine drive association";
				INFOPLIST_KEY_UIApplicationSceneManifest_Generation = YES;
				INFOPLIST_KEY_UIApplicationSupportsIndirectInputEvents = YES;
				INFOPLIST_KEY_UILaunchScreen_Generation = YES;
				INFOPLIST_KEY_UISupportedInterfaceOrientations_iPad = "UIInterfaceOrientationPortrait UIInterfaceOrientationPortraitUpsideDown UIInterfaceOrientationLandscapeLeft UIInterfaceOrientationLandscapeRight";
				INFOPLIST_KEY_UISupportedInterfaceOrientations_iPhone = "UIInterfaceOrientationPortrait UIInterfaceOrientationLandscapeLeft UIInterfaceOrientationLandscapeRight";
				LD_RUNPATH_SEARCH_PATHS = (
					"$(inherited)",
					"@executable_path/Frameworks",
				);
				MARKETING_VERSION = 1.0;
				PRODUCT_BUNDLE_IDENTIFIER = com.nmdpMatchMeSwiftUI.nmdpMatchMeSwiftUI;
				PRODUCT_NAME = "$(TARGET_NAME)";
				SWIFT_EMIT_LOC_STRINGS = YES;
				SWIFT_OBJC_BRIDGING_HEADER = "nmdpMatchMeSwiftUI-Bridging-Header.h";
				SWIFT_VERSION = 5.0;
				TARGETED_DEVICE_FAMILY = "1,2";
			};
			name = Release;
		};
		5A6A18512DEF82D60078E07D /* Debug */ = {
			isa = XCBuildConfiguration;
			buildSettings = {
				BUNDLE_LOADER = "$(TEST_HOST)";
				CLANG_ENABLE_MODULES = YES;
				CODE_SIGN_STYLE = Automatic;
				CURRENT_PROJECT_VERSION = 1;
				GENERATE_INFOPLIST_FILE = YES;
				IPHONEOS_DEPLOYMENT_TARGET = 18.5;
				MARKETING_VERSION = 1.0;
				PRODUCT_BUNDLE_IDENTIFIER = com.nmdpMatchMeSwiftUI.nmdpMatchMeSwiftUITests;
				PRODUCT_NAME = "$(TARGET_NAME)";
				SWIFT_EMIT_LOC_STRINGS = NO;
				SWIFT_OBJC_BRIDGING_HEADER = "nmdpMatchMeSwiftUITests-Bridging-Header.h";
				SWIFT_OPTIMIZATION_LEVEL = "-Onone";
				SWIFT_VERSION = 5.0;
				TARGETED_DEVICE_FAMILY = "1,2";
				TEST_HOST = "$(BUILT_PRODUCTS_DIR)/nmdpMatchMeSwiftUI.app/$(BUNDLE_EXECUTABLE_FOLDER_PATH)/nmdpMatchMeSwiftUI";
			};
			name = Debug;
		};
		5A6A18522DEF82D60078E07D /* Release */ = {
			isa = XCBuildConfiguration;
			buildSettings = {
				BUNDLE_LOADER = "$(TEST_HOST)";
				CLANG_ENABLE_MODULES = YES;
				CODE_SIGN_STYLE = Automatic;
				CURRENT_PROJECT_VERSION = 1;
				GENERATE_INFOPLIST_FILE = YES;
				IPHONEOS_DEPLOYMENT_TARGET = 18.5;
				MARKETING_VERSION = 1.0;
				PRODUCT_BUNDLE_IDENTIFIER = com.nmdpMatchMeSwiftUI.nmdpMatchMeSwiftUITests;
				PRODUCT_NAME = "$(TARGET_NAME)";
				SWIFT_EMIT_LOC_STRINGS = NO;
				SWIFT_OBJC_BRIDGING_HEADER = "nmdpMatchMeSwiftUITests-Bridging-Header.h";
				SWIFT_VERSION = 5.0;
				TARGETED_DEVICE_FAMILY = "1,2";
				TEST_HOST = "$(BUILT_PRODUCTS_DIR)/nmdpMatchMeSwiftUI.app/$(BUNDLE_EXECUTABLE_FOLDER_PATH)/nmdpMatchMeSwiftUI";
			};
			name = Release;
		};
		5A6A18542DEF82D60078E07D /* Debug */ = {
			isa = XCBuildConfiguration;
			buildSettings = {
				CLANG_ENABLE_MODULES = YES;
				CODE_SIGN_STYLE = Automatic;
				CURRENT_PROJECT_VERSION = 1;
				GENERATE_INFOPLIST_FILE = YES;
				MARKETING_VERSION = 1.0;
				PRODUCT_BUNDLE_IDENTIFIER = com.nmdpMatchMeSwiftUI.nmdpMatchMeSwiftUIUITests;
				PRODUCT_NAME = "$(TARGET_NAME)";
				SWIFT_EMIT_LOC_STRINGS = NO;
				SWIFT_OBJC_BRIDGING_HEADER = "nmdpMatchMeSwiftUIUITests-Bridging-Header.h";
				SWIFT_OPTIMIZATION_LEVEL = "-Onone";
				SWIFT_VERSION = 5.0;
				TARGETED_DEVICE_FAMILY = "1,2";
				TEST_TARGET_NAME = nmdpMatchMeSwiftUI;
			};
			name = Debug;
		};
		5A6A18552DEF82D60078E07D /* Release */ = {
			isa = XCBuildConfiguration;
			buildSettings = {
				CLANG_ENABLE_MODULES = YES;
				CODE_SIGN_STYLE = Automatic;
				CURRENT_PROJECT_VERSION = 1;
				GENERATE_INFOPLIST_FILE = YES;
				MARKETING_VERSION = 1.0;
				PRODUCT_BUNDLE_IDENTIFIER = com.nmdpMatchMeSwiftUI.nmdpMatchMeSwiftUIUITests;
				PRODUCT_NAME = "$(TARGET_NAME)";
				SWIFT_EMIT_LOC_STRINGS = NO;
				SWIFT_OBJC_BRIDGING_HEADER = "nmdpMatchMeSwiftUIUITests-Bridging-Header.h";
				SWIFT_VERSION = 5.0;
				TARGETED_DEVICE_FAMILY = "1,2";
				TEST_TARGET_NAME = nmdpMatchMeSwiftUI;
			};
			name = Release;
		};
/* End XCBuildConfiguration section */

/* Begin XCConfigurationList section */
		5A6A18272DEF82D40078E07D /* Build configuration list for PBXProject "nmdpMatchMeSwiftUI" */ = {
			isa = XCConfigurationList;
			buildConfigurations = (
				5A6A184B2DEF82D60078E07D /* Debug */,
				5A6A184C2DEF82D60078E07D /* Release */,
			);
			defaultConfigurationIsVisible = 0;
			defaultConfigurationName = Release;
		};
		5A6A184D2DEF82D60078E07D /* Build configuration list for PBXNativeTarget "nmdpMatchMeSwiftUI" */ = {
			isa = XCConfigurationList;
			buildConfigurations = (
				5A6A184E2DEF82D60078E07D /* Debug */,
				5A6A184F2DEF82D60078E07D /* Release */,
			);
			defaultConfigurationIsVisible = 0;
			defaultConfigurationName = Release;
		};
		5A6A18502DEF82D60078E07D /* Build configuration list for PBXNativeTarget "nmdpMatchMeSwiftUITests" */ = {
			isa = XCConfigurationList;
			buildConfigurations = (
				5A6A18512DEF82D60078E07D /* Debug */,
				5A6A18522DEF82D60078E07D /* Release */,
			);
			defaultConfigurationIsVisible = 0;
			defaultConfigurationName = Release;
		};
		5A6A18532DEF82D60078E07D /* Build configuration list for PBXNativeTarget "nmdpMatchMeSwiftUIUITests" */ = {
			isa = XCConfigurationList;
			buildConfigurations = (
				5A6A18542DEF82D60078E07D /* Debug */,
				5A6A18552DEF82D60078E07D /* Release */,
			);
			defaultConfigurationIsVisible = 0;
			defaultConfigurationName = Release;
		};
/* End XCConfigurationList section */
	};
	rootObject = 5A6A18242DEF82D40078E07D /* Project object */;
}
